
Microsoft Visual Studio Solution File, Format Version 12.00
# Visual Studio 2012
Project("{FAE04EC0-301F-11D3-BF4B-00C04F79EFBC}") = "NetworkM", "NetworkM\NetworkM.csproj", "{6A1B1428-9EB7-48D8-BE3C-74A756180267}"
EndProject
Project("{2150E333-8FDC-42A3-9474-1A3956D46DE8}") = "Examples", "Examples", "{0C41B3DD-92CB-4C2B-9B52-9E9DA49B59B6}"
EndProject
Project("{FAE04EC0-301F-11D3-BF4B-00C04F79EFBC}") = "IntersectionOfTwoLines", "Examples\IntersectionOfTwoLines\IntersectionOfTwoLines.csproj", "{9D81D1AB-26D0-46FA-8F18-80E46796164C}"
EndProject
Project("{FAE04EC0-301F-11D3-BF4B-00C04F79EFBC}") = "Simple", "Examples\Simple\Simple.csproj", "{03D90C4F-57C6-4E45-8F67-793B3C9716E7}"
EndProject
Project("{FAE04EC0-301F-11D3-BF4B-00C04F79EFBC}") = "SimpleGenetic", "Examples\SimpleGenetic\SimpleGenetic.csproj", "{B0168225-B5C6-4B6A-968E-834C614DDC3E}"
EndProject
Project("{FAE04EC0-301F-11D3-BF4B-00C04F79EFBC}") = "XorWithOneHiddenLayer", "Examples\XorWithOneHiddenLayer\XorWithOneHiddenLayer.csproj", "{37CD10F1-806C-45B2-AD7C-73A943B783A7}"
EndProject
Project("{FAE04EC0-301F-11D3-BF4B-00C04F79EFBC}") = "XorWithoutHiddenLayer", "Examples\XorWithoutHiddenLayer\XorWithoutHiddenLayer.csproj", "{65629D6A-6864-44E8-9C76-04687D94DB8F}"
EndProject
Project("{FAE04EC0-301F-11D3-BF4B-00C04F79EFBC}") = "Henon", "Examples\Henon\Henon.csproj", "{09A6F24D-0A92-4034-9756-3DD33504DE00}"
EndProject
Project("{FAE04EC0-301F-11D3-BF4B-00C04F79EFBC}") = "CharacterRecognition", "CharacterRecognition\CharacterRecognition.csproj", "{641FEF0A-D611-4617-B229-4EC97F6A50DB}"
EndProject
Global
	GlobalSection(SolutionConfigurationPlatforms) = preSolution
		Debug|Any CPU = Debug|Any CPU
		Debug|Mixed Platforms = Debug|Mixed Platforms
		Debug|x86 = Debug|x86
		Release|Any CPU = Release|Any CPU
		Release|Mixed Platforms = Release|Mixed Platforms
		Release|x86 = Release|x86
	EndGlobalSection
	GlobalSection(ProjectConfigurationPlatforms) = postSolution
		{6A1B1428-9EB7-48D8-BE3C-74A756180267}.Debug|Any CPU.ActiveCfg = Debug|x86
		{6A1B1428-9EB7-48D8-BE3C-74A756180267}.Debug|Mixed Platforms.ActiveCfg = Debug|x86
		{6A1B1428-9EB7-48D8-BE3C-74A756180267}.Debug|Mixed Platforms.Build.0 = Debug|x86
		{6A1B1428-9EB7-48D8-BE3C-74A756180267}.Debug|x86.ActiveCfg = Release|x86
		{6A1B1428-9EB7-48D8-BE3C-74A756180267}.Debug|x86.Build.0 = Release|x86
		{6A1B1428-9EB7-48D8-BE3C-74A756180267}.Release|Any CPU.ActiveCfg = Release|x86
		{6A1B1428-9EB7-48D8-BE3C-74A756180267}.Release|Mixed Platforms.ActiveCfg = Release|x86
		{6A1B1428-9EB7-48D8-BE3C-74A756180267}.Release|Mixed Platforms.Build.0 = Release|x86
		{6A1B1428-9EB7-48D8-BE3C-74A756180267}.Release|x86.ActiveCfg = Release|x86
		{6A1B1428-9EB7-48D8-BE3C-74A756180267}.Release|x86.Build.0 = Release|x86
		{9D81D1AB-26D0-46FA-8F18-80E46796164C}.Debug|Any CPU.ActiveCfg = Debug|Any CPU
		{9D81D1AB-26D0-46FA-8F18-80E46796164C}.Debug|Any CPU.Build.0 = Debug|Any CPU
		{9D81D1AB-26D0-46FA-8F18-80E46796164C}.Debug|Mixed Platforms.ActiveCfg = Debug|Any CPU
		{9D81D1AB-26D0-46FA-8F18-80E46796164C}.Debug|Mixed Platforms.Build.0 = Debug|Any CPU
		{9D81D1AB-26D0-46FA-8F18-80E46796164C}.Debug|x86.ActiveCfg = Debug|Any CPU
		{9D81D1AB-26D0-46FA-8F18-80E46796164C}.Release|Any CPU.ActiveCfg = Release|Any CPU
		{9D81D1AB-26D0-46FA-8F18-80E46796164C}.Release|Any CPU.Build.0 = Release|Any CPU
		{9D81D1AB-26D0-46FA-8F18-80E46796164C}.Release|Mixed Platforms.ActiveCfg = Release|Any CPU
		{9D81D1AB-26D0-46FA-8F18-80E46796164C}.Release|Mixed Platforms.Build.0 = Release|Any CPU
		{9D81D1AB-26D0-46FA-8F18-80E46796164C}.Release|x86.ActiveCfg = Release|Any CPU
		{03D90C4F-57C6-4E45-8F67-793B3C9716E7}.Debug|Any CPU.ActiveCfg = Debug|Any CPU
		{03D90C4F-57C6-4E45-8F67-793B3C9716E7}.Debug|Any CPU.Build.0 = Debug|Any CPU
		{03D90C4F-57C6-4E45-8F67-793B3C9716E7}.Debug|Mixed Platforms.ActiveCfg = Debug|Any CPU
		{03D90C4F-57C6-4E45-8F67-793B3C9716E7}.Debug|Mixed Platforms.Build.0 = Debug|Any CPU
		{03D90C4F-57C6-4E45-8F67-793B3C9716E7}.Debug|x86.ActiveCfg = Debug|Any CPU
		{03D90C4F-57C6-4E45-8F67-793B3C9716E7}.Release|Any CPU.ActiveCfg = Release|Any CPU
		{03D90C4F-57C6-4E45-8F67-793B3C9716E7}.Release|Any CPU.Build.0 = Release|Any CPU
		{03D90C4F-57C6-4E45-8F67-793B3C9716E7}.Release|Mixed Platforms.ActiveCfg = Release|Any CPU
		{03D90C4F-57C6-4E45-8F67-793B3C9716E7}.Release|Mixed Platforms.Build.0 = Release|Any CPU
		{03D90C4F-57C6-4E45-8F67-793B3C9716E7}.Release|x86.ActiveCfg = Release|Any CPU
		{B0168225-B5C6-4B6A-968E-834C614DDC3E}.Debug|Any CPU.ActiveCfg = Debug|Any CPU
		{B0168225-B5C6-4B6A-968E-834C614DDC3E}.Debug|Any CPU.Build.0 = Debug|Any CPU
		{B0168225-B5C6-4B6A-968E-834C614DDC3E}.Debug|Mixed Platforms.ActiveCfg = Debug|Any CPU
		{B0168225-B5C6-4B6A-968E-834C614DDC3E}.Debug|Mixed Platforms.Build.0 = Debug|Any CPU
		{B0168225-B5C6-4B6A-968E-834C614DDC3E}.Debug|x86.ActiveCfg = Debug|Any CPU
		{B0168225-B5C6-4B6A-968E-834C614DDC3E}.Release|Any CPU.ActiveCfg = Release|Any CPU
		{B0168225-B5C6-4B6A-968E-834C614DDC3E}.Release|Any CPU.Build.0 = Release|Any CPU
		{B0168225-B5C6-4B6A-968E-834C614DDC3E}.Release|Mixed Platforms.ActiveCfg = Release|Any CPU
		{B0168225-B5C6-4B6A-968E-834C614DDC3E}.Release|Mixed Platforms.Build.0 = Release|Any CPU
		{B0168225-B5C6-4B6A-968E-834C614DDC3E}.Release|x86.ActiveCfg = Release|Any CPU
		{37CD10F1-806C-45B2-AD7C-73A943B783A7}.Debug|Any CPU.ActiveCfg = Debug|Any CPU
		{37CD10F1-806C-45B2-AD7C-73A943B783A7}.Debug|Any CPU.Build.0 = Debug|Any CPU
		{37CD10F1-806C-45B2-AD7C-73A943B783A7}.Debug|Mixed Platforms.ActiveCfg = Debug|Any CPU
		{37CD10F1-806C-45B2-AD7C-73A943B783A7}.Debug|Mixed Platforms.Build.0 = Debug|Any CPU
		{37CD10F1-806C-45B2-AD7C-73A943B783A7}.Debug|x86.ActiveCfg = Debug|Any CPU
		{37CD10F1-806C-45B2-AD7C-73A943B783A7}.Release|Any CPU.ActiveCfg = Release|Any CPU
		{37CD10F1-806C-45B2-AD7C-73A943B783A7}.Release|Any CPU.Build.0 = Release|Any CPU
		{37CD10F1-806C-45B2-AD7C-73A943B783A7}.Release|Mixed Platforms.ActiveCfg = Release|Any CPU
		{37CD10F1-806C-45B2-AD7C-73A943B783A7}.Release|Mixed Platforms.Build.0 = Release|Any CPU
		{37CD10F1-806C-45B2-AD7C-73A943B783A7}.Release|x86.ActiveCfg = Release|Any CPU
		{65629D6A-6864-44E8-9C76-04687D94DB8F}.Debug|Any CPU.ActiveCfg = Debug|Any CPU
		{65629D6A-6864-44E8-9C76-04687D94DB8F}.Debug|Any CPU.Build.0 = Debug|Any CPU
		{65629D6A-6864-44E8-9C76-04687D94DB8F}.Debug|Mixed Platforms.ActiveCfg = Debug|Any CPU
		{65629D6A-6864-44E8-9C76-04687D94DB8F}.Debug|Mixed Platforms.Build.0 = Debug|Any CPU
		{65629D6A-6864-44E8-9C76-04687D94DB8F}.Debug|x86.ActiveCfg = Debug|Any CPU
		{65629D6A-6864-44E8-9C76-04687D94DB8F}.Release|Any CPU.ActiveCfg = Release|Any CPU
		{65629D6A-6864-44E8-9C76-04687D94DB8F}.Release|Any CPU.Build.0 = Release|Any CPU
		{65629D6A-6864-44E8-9C76-04687D94DB8F}.Release|Mixed Platforms.ActiveCfg = Release|Any CPU
		{65629D6A-6864-44E8-9C76-04687D94DB8F}.Release|Mixed Platforms.Build.0 = Release|Any CPU
		{65629D6A-6864-44E8-9C76-04687D94DB8F}.Release|x86.ActiveCfg = Release|Any CPU
		{09A6F24D-0A92-4034-9756-3DD33504DE00}.Debug|Any CPU.ActiveCfg = Debug|Any CPU
		{09A6F24D-0A92-4034-9756-3DD33504DE00}.Debug|Any CPU.Build.0 = Debug|Any CPU
		{09A6F24D-0A92-4034-9756-3DD33504DE00}.Debug|Mixed Platforms.ActiveCfg = Debug|Any CPU
		{09A6F24D-0A92-4034-9756-3DD33504DE00}.Debug|Mixed Platforms.Build.0 = Debug|Any CPU
		{09A6F24D-0A92-4034-9756-3DD33504DE00}.Debug|x86.ActiveCfg = Debug|Any CPU
		{09A6F24D-0A92-4034-9756-3DD33504DE00}.Release|Any CPU.ActiveCfg = Release|Any CPU
		{09A6F24D-0A92-4034-9756-3DD33504DE00}.Release|Any CPU.Build.0 = Release|Any CPU
		{09A6F24D-0A92-4034-9756-3DD33504DE00}.Release|Mixed Platforms.ActiveCfg = Release|Any CPU
		{09A6F24D-0A92-4034-9756-3DD33504DE00}.Release|Mixed Platforms.Build.0 = Release|Any CPU
		{09A6F24D-0A92-4034-9756-3DD33504DE00}.Release|x86.ActiveCfg = Release|Any CPU
		{641FEF0A-D611-4617-B229-4EC97F6A50DB}.Debug|Any CPU.ActiveCfg = Debug|Any CPU
		{641FEF0A-D611-4617-B229-4EC97F6A50DB}.Debug|Any CPU.Build.0 = Debug|Any CPU
		{641FEF0A-D611-4617-B229-4EC97F6A50DB}.Debug|Mixed Platforms.ActiveCfg = Debug|Any CPU
		{641FEF0A-D611-4617-B229-4EC97F6A50DB}.Debug|Mixed Platforms.Build.0 = Debug|Any CPU
		{641FEF0A-D611-4617-B229-4EC97F6A50DB}.Debug|x86.ActiveCfg = Debug|Any CPU
		{641FEF0A-D611-4617-B229-4EC97F6A50DB}.Release|Any CPU.ActiveCfg = Release|Any CPU
		{641FEF0A-D611-4617-B229-4EC97F6A50DB}.Release|Any CPU.Build.0 = Release|Any CPU
		{641FEF0A-D611-4617-B229-4EC97F6A50DB}.Release|Mixed Platforms.ActiveCfg = Release|Any CPU
		{641FEF0A-D611-4617-B229-4EC97F6A50DB}.Release|Mixed Platforms.Build.0 = Release|Any CPU
		{641FEF0A-D611-4617-B229-4EC97F6A50DB}.Release|x86.ActiveCfg = Release|Any CPU
	EndGlobalSection
	GlobalSection(SolutionProperties) = preSolution
		HideSolutionNode = FALSE
	EndGlobalSection
	GlobalSection(NestedProjects) = preSolution
		{9D81D1AB-26D0-46FA-8F18-80E46796164C} = {0C41B3DD-92CB-4C2B-9B52-9E9DA49B59B6}
		{03D90C4F-57C6-4E45-8F67-793B3C9716E7} = {0C41B3DD-92CB-4C2B-9B52-9E9DA49B59B6}
		{B0168225-B5C6-4B6A-968E-834C614DDC3E} = {0C41B3DD-92CB-4C2B-9B52-9E9DA49B59B6}
		{37CD10F1-806C-45B2-AD7C-73A943B783A7} = {0C41B3DD-92CB-4C2B-9B52-9E9DA49B59B6}
		{65629D6A-6864-44E8-9C76-04687D94DB8F} = {0C41B3DD-92CB-4C2B-9B52-9E9DA49B59B6}
		{09A6F24D-0A92-4034-9756-3DD33504DE00} = {0C41B3DD-92CB-4C2B-9B52-9E9DA49B59B6}
		{641FEF0A-D611-4617-B229-4EC97F6A50DB} = {0C41B3DD-92CB-4C2B-9B52-9E9DA49B59B6}
	EndGlobalSection
EndGlobal
